
Microsoft Visual Studio Solution File, Format Version 12.00
# Visual Studio 2015
Project("{FAE04EC0-301F-11D3-BF4B-00C04F79EFBC}") = "MinkGradProject", "MinkGradProject.csproj", "{BAFE8F2C-F846-65E5-35DF-0A2E4FE6319B}"
EndProject
Global
	GlobalSection(SolutionConfigurationPlatforms) = preSolution
		Debug|Any CPU = Debug|Any CPU
		Release|Any CPU = Release|Any CPU
	EndGlobalSection
	GlobalSection(ProjectConfigurationPlatforms) = postSolution
		{BAFE8F2C-F846-65E5-35DF-0A2E4FE6319B}.Debug|Any CPU.ActiveCfg = Debug|Any CPU
		{BAFE8F2C-F846-65E5-35DF-0A2E4FE6319B}.Debug|Any CPU.Build.0 = Debug|Any CPU
		{BAFE8F2C-F846-65E5-35DF-0A2E4FE6319B}.Release|Any CPU.ActiveCfg = Release|Any CPU
		{BAFE8F2C-F846-65E5-35DF-0A2E4FE6319B}.Release|Any CPU.Build.0 = Release|Any CPU
	EndGlobalSection
	GlobalSection(SolutionProperties) = preSolution
		HideSolutionNode = FALSE
	EndGlobalSection
EndGlobal
